#MicroXplorer Configuration settings - do not modify
ADC.Channel-0\#ChannelRegularConversion=ADC_CHANNEL_9
ADC.Channel-1\#ChannelRegularConversion=ADC_CHANNEL_15
ADC.Channel-10\#ChannelRegularConversion=ADC_CHANNEL_7
ADC.Channel-11\#ChannelRegularConversion=ADC_CHANNEL_2
ADC.Channel-12\#ChannelRegularConversion=ADC_CHANNEL_1
ADC.Channel-2\#ChannelRegularConversion=ADC_CHANNEL_13
ADC.Channel-3\#ChannelRegularConversion=ADC_CHANNEL_5
ADC.Channel-4\#ChannelRegularConversion=ADC_CHANNEL_8
ADC.Channel-5\#ChannelRegularConversion=ADC_CHANNEL_3
ADC.Channel-6\#ChannelRegularConversion=ADC_CHANNEL_10
ADC.Channel-7\#ChannelRegularConversion=ADC_CHANNEL_11
ADC.Channel-8\#ChannelRegularConversion=ADC_CHANNEL_12
ADC.Channel-9\#ChannelRegularConversion=ADC_CHANNEL_14
ADC.ClockPrescaler=ADC_CLOCK_ASYNC_DIV1
ADC.ContinuousConvMode=DISABLE
ADC.DMAContinuousRequests=DISABLE
ADC.DataAlign=ADC_DATAALIGN_RIGHT
ADC.DiscontinuousConvMode=DISABLE
ADC.EOCSelection=ADC_EOC_SINGLE_CONV
ADC.ExternalTrigConv=ADC_EXTERNALTRIGCONV_T2_TRGO
ADC.ExternalTrigConvEdge=ADC_EXTERNALTRIGCONVEDGE_RISING
ADC.IPParameters=ClockPrescaler,Resolution,DataAlign,ScanConvMode,EOCSelection,LowPowerAutoWait,LowPowerAutoPowerOff,ContinuousConvMode,DiscontinuousConvMode,ExternalTrigConv,ExternalTrigConvEdge,DMAContinuousRequests,Overrun,SamplingTime-0\#ChannelRegularConversion,Rank-0\#ChannelRegularConversion,Channel-0\#ChannelRegularConversion,SamplingTime-1\#ChannelRegularConversion,Rank-1\#ChannelRegularConversion,Channel-1\#ChannelRegularConversion,SamplingTime-2\#ChannelRegularConversion,Rank-2\#ChannelRegularConversion,Channel-2\#ChannelRegularConversion,SamplingTime-3\#ChannelRegularConversion,Rank-3\#ChannelRegularConversion,Channel-3\#ChannelRegularConversion,SamplingTime-4\#ChannelRegularConversion,Rank-4\#ChannelRegularConversion,Channel-4\#ChannelRegularConversion,SamplingTime-5\#ChannelRegularConversion,Rank-5\#ChannelRegularConversion,Channel-5\#ChannelRegularConversion,SamplingTime-6\#ChannelRegularConversion,Rank-6\#ChannelRegularConversion,Channel-6\#ChannelRegularConversion,SamplingTime-7\#ChannelRegularConversion,Rank-7\#ChannelRegularConversion,Channel-7\#ChannelRegularConversion,SamplingTime-8\#ChannelRegularConversion,Rank-8\#ChannelRegularConversion,Channel-8\#ChannelRegularConversion,SamplingTime-9\#ChannelRegularConversion,Rank-9\#ChannelRegularConversion,Channel-9\#ChannelRegularConversion,SamplingTime-10\#ChannelRegularConversion,Rank-10\#ChannelRegularConversion,Channel-10\#ChannelRegularConversion,SamplingTime-11\#ChannelRegularConversion,Rank-11\#ChannelRegularConversion,Channel-11\#ChannelRegularConversion,SamplingTime-12\#ChannelRegularConversion,Rank-12\#ChannelRegularConversion,Channel-12\#ChannelRegularConversion,NbrOfConversionFlag,master,NbrOfConversion
ADC.LowPowerAutoPowerOff=DISABLE
ADC.LowPowerAutoWait=DISABLE
ADC.NbrOfConversion=13
ADC.NbrOfConversionFlag=1
ADC.Overrun=ADC_OVR_DATA_PRESERVED
ADC.Rank-0\#ChannelRegularConversion=ADC_RANK_CHANNEL_NUMBER
ADC.Rank-1\#ChannelRegularConversion=ADC_RANK_CHANNEL_NUMBER
ADC.Rank-10\#ChannelRegularConversion=ADC_RANK_CHANNEL_NUMBER
ADC.Rank-11\#ChannelRegularConversion=ADC_RANK_CHANNEL_NUMBER
ADC.Rank-12\#ChannelRegularConversion=ADC_RANK_CHANNEL_NUMBER
ADC.Rank-2\#ChannelRegularConversion=ADC_RANK_CHANNEL_NUMBER
ADC.Rank-3\#ChannelRegularConversion=ADC_RANK_CHANNEL_NUMBER
ADC.Rank-4\#ChannelRegularConversion=ADC_RANK_CHANNEL_NUMBER
ADC.Rank-5\#ChannelRegularConversion=ADC_RANK_CHANNEL_NUMBER
ADC.Rank-6\#ChannelRegularConversion=ADC_RANK_CHANNEL_NUMBER
ADC.Rank-7\#ChannelRegularConversion=ADC_RANK_CHANNEL_NUMBER
ADC.Rank-8\#ChannelRegularConversion=ADC_RANK_CHANNEL_NUMBER
ADC.Rank-9\#ChannelRegularConversion=ADC_RANK_CHANNEL_NUMBER
ADC.Resolution=ADC_RESOLUTION_12B
ADC.SamplingTime-0\#ChannelRegularConversion=ADC_SAMPLETIME_239CYCLES_5
ADC.SamplingTime-1\#ChannelRegularConversion=ADC_SAMPLETIME_239CYCLES_5
ADC.SamplingTime-10\#ChannelRegularConversion=ADC_SAMPLETIME_239CYCLES_5
ADC.SamplingTime-11\#ChannelRegularConversion=ADC_SAMPLETIME_239CYCLES_5
ADC.SamplingTime-12\#ChannelRegularConversion=ADC_SAMPLETIME_239CYCLES_5
ADC.SamplingTime-2\#ChannelRegularConversion=ADC_SAMPLETIME_239CYCLES_5
ADC.SamplingTime-3\#ChannelRegularConversion=ADC_SAMPLETIME_239CYCLES_5
ADC.SamplingTime-4\#ChannelRegularConversion=ADC_SAMPLETIME_239CYCLES_5
ADC.SamplingTime-5\#ChannelRegularConversion=ADC_SAMPLETIME_239CYCLES_5
ADC.SamplingTime-6\#ChannelRegularConversion=ADC_SAMPLETIME_239CYCLES_5
ADC.SamplingTime-7\#ChannelRegularConversion=ADC_SAMPLETIME_239CYCLES_5
ADC.SamplingTime-8\#ChannelRegularConversion=ADC_SAMPLETIME_239CYCLES_5
ADC.SamplingTime-9\#ChannelRegularConversion=ADC_SAMPLETIME_239CYCLES_5
ADC.ScanConvMode=ADC_SCAN_DIRECTION_FORWARD
ADC.master=1
CAD.formats=
CAD.pinconfig=
CAD.provider=
Dma.Request0=USART1_RX
Dma.RequestsNb=1
Dma.USART1_RX.0.Direction=DMA_PERIPH_TO_MEMORY
Dma.USART1_RX.0.Instance=DMA1_Channel3
Dma.USART1_RX.0.MemDataAlignment=DMA_MDATAALIGN_BYTE
Dma.USART1_RX.0.MemInc=DMA_MINC_ENABLE
Dma.USART1_RX.0.Mode=DMA_CIRCULAR
Dma.USART1_RX.0.PeriphDataAlignment=DMA_PDATAALIGN_BYTE
Dma.USART1_RX.0.PeriphInc=DMA_PINC_DISABLE
Dma.USART1_RX.0.Priority=DMA_PRIORITY_LOW
Dma.USART1_RX.0.RequestParameters=Instance,Direction,PeriphInc,MemInc,PeriphDataAlignment,MemDataAlignment,Mode,Priority
File.Version=6
GPIO.groupedBy=Group By Peripherals
KeepUserPlacement=false
Mcu.CPN=STM32F071V8T6
Mcu.Family=STM32F0
Mcu.IP0=ADC
Mcu.IP1=DMA
Mcu.IP2=NVIC
Mcu.IP3=RCC
Mcu.IP4=SYS
Mcu.IP5=TIM1
Mcu.IP6=TIM2
Mcu.IP7=TIM3
Mcu.IP8=TIM6
Mcu.IP9=USART1
Mcu.IPNb=10
Mcu.Name=STM32F071V(8-B)Tx
Mcu.Package=LQFP100
Mcu.Pin0=PE5
Mcu.Pin1=PE6
Mcu.Pin10=PA3
Mcu.Pin11=PA5
Mcu.Pin12=PA7
Mcu.Pin13=PC4
Mcu.Pin14=PC5
Mcu.Pin15=PB0
Mcu.Pin16=PB1
Mcu.Pin17=PE7
Mcu.Pin18=PE8
Mcu.Pin19=PE12
Mcu.Pin2=PF0-OSC_IN
Mcu.Pin20=PE13
Mcu.Pin21=PE15
Mcu.Pin22=PB10
Mcu.Pin23=PB11
Mcu.Pin24=PD8
Mcu.Pin25=PD13
Mcu.Pin26=PD14
Mcu.Pin27=PC6
Mcu.Pin28=PC8
Mcu.Pin29=PA8
Mcu.Pin3=PF1-OSC_OUT
Mcu.Pin30=PA9
Mcu.Pin31=PA10
Mcu.Pin32=PA11
Mcu.Pin33=PA13
Mcu.Pin34=PA14
Mcu.Pin35=PD2
Mcu.Pin36=PD3
Mcu.Pin37=PD4
Mcu.Pin38=PB5
Mcu.Pin39=PB7
Mcu.Pin4=PC0
Mcu.Pin40=VP_SYS_VS_tim15
Mcu.Pin41=VP_TIM2_VS_no_output3
Mcu.Pin42=VP_TIM6_VS_ClockSourceINT
Mcu.Pin5=PC1
Mcu.Pin6=PC2
Mcu.Pin7=PC3
Mcu.Pin8=PA1
Mcu.Pin9=PA2
Mcu.PinsNb=43
Mcu.ThirdPartyNb=0
Mcu.UserConstants=
Mcu.UserName=STM32F071V8Tx
MxCube.Version=6.16.1
MxDb.Version=DB.6.0.161
NVIC.DMA1_Channel2_3_IRQn=true\:2\:0\:true\:false\:true\:false\:true\:true
NVIC.EXTI2_3_IRQn=true\:2\:0\:true\:false\:true\:true\:true\:true
NVIC.EXTI4_15_IRQn=true\:1\:0\:true\:false\:true\:true\:true\:true
NVIC.ForceEnableDMAVector=true
NVIC.HardFault_IRQn=true\:0\:0\:false\:false\:true\:false\:false\:false
NVIC.NonMaskableInt_IRQn=true\:0\:0\:false\:false\:true\:false\:false\:false
NVIC.PendSV_IRQn=true\:0\:0\:false\:false\:true\:false\:false\:false
NVIC.SVC_IRQn=true\:0\:0\:false\:false\:true\:false\:false\:true
NVIC.SysTick_IRQn=true\:3\:0\:false\:false\:true\:false\:true\:false
NVIC.TIM15_IRQn=true\:3\:0\:false\:false\:true\:false\:true\:true
NVIC.TimeBase=TIM15_IRQn
NVIC.TimeBaseIP=TIM15
PA1.GPIOParameters=GPIO_Label
PA1.GPIO_Label=VIN_24V_SENSE
PA1.Locked=true
PA1.Mode=IN1
PA1.Signal=ADC_IN1
PA10.GPIOParameters=GPIO_Label
PA10.GPIO_Label=JP1_RX
PA10.Locked=true
PA10.Mode=Asynchronous
PA10.Signal=USART1_RX
PA11.GPIOParameters=GPIO_Label
PA11.GPIO_Label=BUZZER1_Q17
PA11.Locked=true
PA11.Signal=S_TIM1_CH4
PA13.Mode=Serial_Wire
PA13.Signal=SYS_SWDIO
PA14.Mode=Serial_Wire
PA14.Signal=SYS_SWCLK
PA2.GPIOParameters=GPIO_Label
PA2.GPIO_Label=BATTERY_VOLTAGE_SENSE
PA2.Locked=true
PA2.Mode=IN2
PA2.Signal=ADC_IN2
PA3.GPIOParameters=GPIO_Label
PA3.GPIO_Label=CLIFF_RIGHT_SIGNAL
PA3.Locked=true
PA3.Mode=IN3
PA3.Signal=ADC_IN3
PA5.GPIOParameters=GPIO_Label
PA5.GPIO_Label=FRONT_IR_PANEL_F_SIGNAL
PA5.Locked=true
PA5.Mode=IN5
PA5.Signal=ADC_IN5
PA7.GPIOParameters=GPIO_Label
PA7.GPIO_Label=BATTERY_CURRENT_SENSE
PA7.Locked=true
PA7.Mode=IN7
PA7.Signal=ADC_IN7
PA8.GPIOParameters=PinState,GPIO_PuPd,GPIO_Label,GPIO_ModeDefaultOutputPP
PA8.GPIO_Label=Q24
PA8.GPIO_ModeDefaultOutputPP=GPIO_MODE_OUTPUT_OD
PA8.GPIO_PuPd=GPIO_NOPULL
PA8.Locked=true
PA8.PinState=GPIO_PIN_SET
PA8.Signal=GPIO_Output
PA9.GPIOParameters=GPIO_Label
PA9.GPIO_Label=JP1_TX
PA9.Mode=Asynchronous
PA9.Signal=USART1_TX
PB0.GPIOParameters=GPIO_Label
PB0.GPIO_Label=FRONT_IR_PANEL_L_SIGNAL
PB0.Locked=true
PB0.Mode=IN8
PB0.Signal=ADC_IN8
PB1.GPIOParameters=GPIO_Label
PB1.GPIO_Label=MOTOR_L_VPROPI
PB1.Locked=true
PB1.Mode=IN9
PB1.Signal=ADC_IN9
PB10.GPIOParameters=PinState,GPIO_Label
PB10.GPIO_Label=FRONT_IR_Q11_PULSE
PB10.Locked=true
PB10.PinState=GPIO_PIN_RESET
PB10.Signal=GPIO_Output
PB11.GPIOParameters=GPIO_PuPd,GPIO_Label,GPIO_ModeDefaultEXTI
PB11.GPIO_Label=BASE_IR_FRONT_L
PB11.GPIO_ModeDefaultEXTI=GPIO_MODE_IT_RISING_FALLING
PB11.GPIO_PuPd=GPIO_PULLUP
PB11.Locked=true
PB11.Signal=GPXTI11
PB5.GPIOParameters=GPIO_PuPd,GPIO_Label,GPIO_ModeDefaultEXTI
PB5.GPIO_Label=BUMPER_HIT_LEFT
PB5.GPIO_ModeDefaultEXTI=GPIO_MODE_IT_FALLING
PB5.GPIO_PuPd=GPIO_PULLUP
PB5.Locked=true
PB5.Signal=GPXTI5
PB7.GPIOParameters=PinState,GPIO_PuPd,GPIO_Label
PB7.GPIO_Label=MOTOR_L_PHASE
PB7.GPIO_PuPd=GPIO_NOPULL
PB7.Locked=true
PB7.PinState=GPIO_PIN_RESET
PB7.Signal=GPIO_Output
PC0.GPIOParameters=GPIO_Label
PC0.GPIO_Label=SIDE_IR_TRX_SIGNAL
PC0.Locked=true
PC0.Mode=IN10
PC0.Signal=ADC_IN10
PC1.GPIOParameters=GPIO_Label
PC1.GPIO_Label=CLIFF_LEFT_SIGNAL
PC1.Locked=true
PC1.Mode=IN11
PC1.Signal=ADC_IN11
PC2.GPIOParameters=GPIO_Label
PC2.GPIO_Label=CLIFF_FRONT_L_SIGNAL
PC2.Locked=true
PC2.Mode=IN12
PC2.Signal=ADC_IN12
PC3.GPIOParameters=GPIO_Label
PC3.GPIO_Label=FRONT_IR_PANEL_R_SIGNAL
PC3.Locked=true
PC3.Mode=IN13
PC3.Signal=ADC_IN13
PC4.GPIOParameters=GPIO_Label
PC4.GPIO_Label=CLIFF_FRONT_R_SIGNAL
PC4.Locked=true
PC4.Mode=IN14
PC4.Signal=ADC_IN14
PC5.GPIOParameters=GPIO_Label
PC5.GPIO_Label=MOTOR_R_VPROPI
PC5.Locked=true
PC5.Mode=IN15
PC5.Signal=ADC_IN15
PC6.GPIOParameters=GPIO_Label
PC6.GPIO_Label=MOTOR_R_ENABLE_PWM
PC6.Locked=true
PC6.Signal=S_TIM3_CH1
PC8.GPIOParameters=GPIO_Label
PC8.GPIO_Label=MOTOR_L_ENABLE_PWM
PC8.Locked=true
PC8.Signal=S_TIM3_CH3
PCC.Checker=false
PCC.Display=Plot\: All Steps
PCC.Line=STM32F0x1
PCC.MCU=STM32F071V(8-B)Tx
PCC.PartNumber=STM32F071V8Tx
PCC.Series=STM32F0
PCC.Temperature=25
PCC.Vdd=3.6
PD13.GPIOParameters=GPIO_PuPd,GPIO_Label,GPIO_ModeDefaultEXTI
PD13.GPIO_Label=BASE_IR_LEFT
PD13.GPIO_ModeDefaultEXTI=GPIO_MODE_IT_RISING_FALLING
PD13.GPIO_PuPd=GPIO_PULLUP
PD13.Locked=true
PD13.Signal=GPXTI13
PD14.GPIOParameters=GPIO_PuPd,GPIO_Label
PD14.GPIO_Label=MOTOR_R_NFAULT
PD14.GPIO_PuPd=GPIO_PULLUP
PD14.Locked=true
PD14.Signal=GPIO_Input
PD2.GPIOParameters=GPIO_PuPd,GPIO_Label,GPIO_ModeDefaultEXTI
PD2.GPIO_Label=CASTER_ODO
PD2.GPIO_ModeDefaultEXTI=GPIO_MODE_IT_RISING_FALLING
PD2.GPIO_PuPd=GPIO_PULLUP
PD2.Locked=true
PD2.Signal=GPXTI2
PD3.GPIOParameters=GPIO_PuPd,GPIO_Label,GPIO_ModeDefaultEXTI
PD3.GPIO_Label=MOTOR_L_ENC_SIGNAL
PD3.GPIO_ModeDefaultEXTI=GPIO_MODE_IT_RISING_FALLING
PD3.GPIO_PuPd=GPIO_PULLUP
PD3.Locked=true
PD3.Signal=GPXTI3
PD4.GPIOParameters=GPIO_PuPd,GPIO_Label,GPIO_ModeDefaultEXTI
PD4.GPIO_Label=BASE_IR_REAR
PD4.GPIO_ModeDefaultEXTI=GPIO_MODE_IT_RISING_FALLING
PD4.GPIO_PuPd=GPIO_PULLUP
PD4.Locked=true
PD4.Signal=GPXTI4
PD8.GPIOParameters=GPIO_PuPd,GPIO_Label
PD8.GPIO_Label=MOTOR_L_NFAULT
PD8.GPIO_PuPd=GPIO_PULLUP
PD8.Locked=true
PD8.Signal=GPIO_Input
PE12.GPIOParameters=GPIO_PuPd,GPIO_Label,GPIO_ModeDefaultEXTI
PE12.GPIO_Label=BUMPER_HIT_RIGHT
PE12.GPIO_ModeDefaultEXTI=GPIO_MODE_IT_FALLING
PE12.GPIO_PuPd=GPIO_PULLUP
PE12.Locked=true
PE12.Signal=GPXTI12
PE13.GPIOParameters=PinState,GPIO_PuPd,GPIO_Label
PE13.GPIO_Label=MOTOR_R_PHASE
PE13.GPIO_PuPd=GPIO_NOPULL
PE13.Locked=true
PE13.PinState=GPIO_PIN_RESET
PE13.Signal=GPIO_Output
PE15.GPIOParameters=GPIO_PuPd,GPIO_Label,GPIO_ModeDefaultEXTI
PE15.GPIO_Label=BASE_IR_FRONT_R
PE15.GPIO_ModeDefaultEXTI=GPIO_MODE_IT_RISING_FALLING
PE15.GPIO_PuPd=GPIO_PULLUP
PE15.Locked=true
PE15.Signal=GPXTI15
PE5.GPIOParameters=PinState,GPIO_Label
PE5.GPIO_Label=SWITCHED_SENSOR_5V_EN
PE5.Locked=true
PE5.PinState=GPIO_PIN_RESET
PE5.Signal=GPIO_Output
PE6.GPIOParameters=GPIO_PuPd,GPIO_Label,GPIO_ModeDefaultEXTI
PE6.GPIO_Label=BASE_IR_RIGHT
PE6.GPIO_ModeDefaultEXTI=GPIO_MODE_IT_RISING_FALLING
PE6.GPIO_PuPd=GPIO_PULLUP
PE6.Locked=true
PE6.Signal=GPXTI6
PE7.GPIOParameters=PinState,GPIO_Label
PE7.GPIO_Label=FRONT_IR_SENSOR_3V3_EN
PE7.Locked=true
PE7.PinState=GPIO_PIN_RESET
PE7.Signal=GPIO_Output
PE8.GPIOParameters=GPIO_PuPd,GPIO_Label,GPIO_ModeDefaultEXTI
PE8.GPIO_Label=MOTOR_R_ENC_SIGNAL
PE8.GPIO_ModeDefaultEXTI=GPIO_MODE_IT_RISING_FALLING
PE8.GPIO_PuPd=GPIO_PULLUP
PE8.Locked=true
PE8.Signal=GPXTI8
PF0-OSC_IN.Mode=HSE-External-Oscillator
PF0-OSC_IN.Signal=RCC_OSC_IN
PF1-OSC_OUT.Mode=HSE-External-Oscillator
PF1-OSC_OUT.Signal=RCC_OSC_OUT
PinOutPanel.RotationAngle=0
ProjectManager.AskForMigrate=true
ProjectManager.BackupPrevious=false
ProjectManager.CompilerLinker=GCC
ProjectManager.CompilerOptimize=6
ProjectManager.ComputerToolchain=false
ProjectManager.CoupleFile=false
ProjectManager.CustomerFirmwarePackage=
ProjectManager.DefaultFWLocation=true
ProjectManager.DeletePrevious=true
ProjectManager.DeviceId=STM32F071V8Tx
ProjectManager.FirmwarePackage=STM32Cube FW_F0 V1.11.6
ProjectManager.FreePins=false
ProjectManager.FreePinsContext=
ProjectManager.HalAssertFull=false
ProjectManager.HeapSize=0x200
ProjectManager.KeepUserCode=true
ProjectManager.LastFirmware=true
ProjectManager.LibraryCopy=1
ProjectManager.MainLocation=Core/Src
ProjectManager.NoMain=false
ProjectManager.PreviousToolchain=STM32CubeIDE
ProjectManager.ProjectBuild=false
ProjectManager.ProjectFileName=V7s_Plus.ioc
ProjectManager.ProjectName=V7s_Plus
ProjectManager.ProjectStructure=
ProjectManager.RegisterCallBack=
ProjectManager.StackSize=0x400
ProjectManager.TargetToolchain=STM32CubeIDE
ProjectManager.ToolChainLocation=
ProjectManager.UAScriptAfterPath=
ProjectManager.UAScriptBeforePath=
ProjectManager.UnderRoot=true
ProjectManager.functionlistsort=1-SystemClock_Config-RCC-false-HAL-false,2-MX_GPIO_Init-GPIO-false-HAL-true,3-MX_DMA_Init-DMA-false-HAL-true,4-MX_ADC_Init-ADC-false-HAL-true,5-MX_TIM1_Init-TIM1-false-HAL-true,6-MX_TIM2_Init-TIM2-false-HAL-true,7-MX_TIM3_Init-TIM3-false-HAL-true,8-MX_USART1_UART_Init-USART1-false-HAL-true
RCC.AHBFreq_Value=48000000
RCC.APB1Freq_Value=48000000
RCC.APB1TimFreq_Value=48000000
RCC.CECFreq_Value=32786.88524590164
RCC.FCLKCortexFreq_Value=48000000
RCC.FamilyName=M
RCC.HCLKFreq_Value=48000000
RCC.HSICECFreq_Value=32786.88524590164
RCC.I2SFreq_Value=48000000
RCC.IPParameters=AHBFreq_Value,APB1Freq_Value,APB1TimFreq_Value,CECFreq_Value,FCLKCortexFreq_Value,FamilyName,HCLKFreq_Value,HSICECFreq_Value,I2SFreq_Value,MCOFreq_Value,PLLCLKFreq_Value,PLLMCOFreq_Value,PLLMUL,PLLSourceVirtual,SYSCLKFreq_VALUE,SYSCLKSource,TimSysFreq_Value,USART1Freq_Value,USART2Freq_Value,VCOOutput2Freq_Value
RCC.MCOFreq_Value=48000000
RCC.PLLCLKFreq_Value=48000000
RCC.PLLMCOFreq_Value=48000000
RCC.PLLMUL=RCC_PLL_MUL6
RCC.PLLSourceVirtual=RCC_PLLSOURCE_HSE
RCC.SYSCLKFreq_VALUE=48000000
RCC.SYSCLKSource=RCC_SYSCLKSOURCE_PLLCLK
RCC.TimSysFreq_Value=48000000
RCC.USART1Freq_Value=48000000
RCC.USART2Freq_Value=48000000
RCC.VCOOutput2Freq_Value=8000000
SH.GPXTI11.0=GPIO_EXTI11
SH.GPXTI11.ConfNb=1
SH.GPXTI12.0=GPIO_EXTI12
SH.GPXTI12.ConfNb=1
SH.GPXTI13.0=GPIO_EXTI13
SH.GPXTI13.ConfNb=1
SH.GPXTI15.0=GPIO_EXTI15
SH.GPXTI15.ConfNb=1
SH.GPXTI2.0=GPIO_EXTI2
SH.GPXTI2.ConfNb=1
SH.GPXTI3.0=GPIO_EXTI3
SH.GPXTI3.ConfNb=1
SH.GPXTI4.0=GPIO_EXTI4
SH.GPXTI4.ConfNb=1
SH.GPXTI5.0=GPIO_EXTI5
SH.GPXTI5.ConfNb=1
SH.GPXTI6.0=GPIO_EXTI6
SH.GPXTI6.ConfNb=1
SH.GPXTI8.0=GPIO_EXTI8
SH.GPXTI8.ConfNb=1
SH.S_TIM1_CH4.0=TIM1_CH4,PWM Generation4 CH4
SH.S_TIM1_CH4.ConfNb=1
SH.S_TIM3_CH1.0=TIM3_CH1,PWM Generation1 CH1
SH.S_TIM3_CH1.ConfNb=1
SH.S_TIM3_CH3.0=TIM3_CH3,PWM Generation3 CH3
SH.S_TIM3_CH3.ConfNb=1
TIM1.AutoReloadPreload=TIM_AUTORELOAD_PRELOAD_DISABLE
TIM1.Channel-PWM\ Generation4\ CH4=TIM_CHANNEL_4
TIM1.CounterMode=TIM_COUNTERMODE_UP
TIM1.IPParameters=Prescaler,CounterMode,Period,AutoReloadPreload,Channel-PWM Generation4 CH4,OCMode_PWM-PWM Generation4 CH4,Pulse-PWM Generation4 CH4,OCPolarity_4,OCFastMode_PWM-PWM Generation4 CH4
TIM1.OCFastMode_PWM-PWM\ Generation4\ CH4=TIM_OCFAST_DISABLE
TIM1.OCMode_PWM-PWM\ Generation4\ CH4=TIM_OCMODE_PWM1
TIM1.OCPolarity_4=TIM_OCPOLARITY_HIGH
TIM1.Period=999
TIM1.Prescaler=47
TIM1.Pulse-PWM\ Generation4\ CH4=0
TIM2.AutoReloadPreload=TIM_AUTORELOAD_PRELOAD_ENABLE
TIM2.Channel-Output\ Compare3\ No\ Output=TIM_CHANNEL_3
TIM2.CounterMode=TIM_COUNTERMODE_UP
TIM2.IPParameters=OCMode_3,OCPolarity_3,Prescaler,Period,CounterMode,AutoReloadPreload,TIM_MasterOutputTrigger,Channel-Output Compare3 No Output,Pulse-Output Compare3 No Output
TIM2.OCMode_3=TIM_OCMODE_TOGGLE
TIM2.OCPolarity_3=TIM_OCPOLARITY_HIGH
TIM2.Period=23999
TIM2.Prescaler=0
TIM2.Pulse-Output\ Compare3\ No\ Output=12000
TIM2.TIM_MasterOutputTrigger=TIM_TRGO_UPDATE
TIM3.AutoReloadPreload=TIM_AUTORELOAD_PRELOAD_DISABLE
TIM3.Channel-PWM\ Generation1\ CH1=TIM_CHANNEL_1
TIM3.Channel-PWM\ Generation3\ CH3=TIM_CHANNEL_3
TIM3.CounterMode=TIM_COUNTERMODE_UP
TIM3.IPParameters=Prescaler,CounterMode,Period,AutoReloadPreload,Channel-PWM Generation1 CH1,OCMode_PWM-PWM Generation1 CH1,Pulse-PWM Generation1 CH1,OCPolarity_1,OCFastMode_PWM-PWM Generation1 CH1,Channel-PWM Generation3 CH3,OCMode_PWM-PWM Generation3 CH3,Pulse-PWM Generation3 CH3,OCPolarity_3,OCFastMode_PWM-PWM Generation3 CH3
TIM3.OCFastMode_PWM-PWM\ Generation1\ CH1=TIM_OCFAST_DISABLE
TIM3.OCFastMode_PWM-PWM\ Generation3\ CH3=TIM_OCFAST_DISABLE
TIM3.OCMode_PWM-PWM\ Generation1\ CH1=TIM_OCMODE_PWM1
TIM3.OCMode_PWM-PWM\ Generation3\ CH3=TIM_OCMODE_PWM1
TIM3.OCPolarity_1=TIM_OCPOLARITY_HIGH
TIM3.OCPolarity_3=TIM_OCPOLARITY_HIGH
TIM3.Period=2399
TIM3.Prescaler=0
TIM3.Pulse-PWM\ Generation1\ CH1=0
TIM3.Pulse-PWM\ Generation3\ CH3=0
TIM6.IPParameters=Prescaler
TIM6.Prescaler=47
USART1.BaudRate=921600
USART1.IPParameters=VirtualMode-Asynchronous,BaudRate
USART1.VirtualMode-Asynchronous=VM_ASYNC
VP_SYS_VS_tim15.Mode=TIM15
VP_SYS_VS_tim15.Signal=SYS_VS_tim15
VP_TIM2_VS_no_output3.Mode=Output Compare3 No Output
VP_TIM2_VS_no_output3.Signal=TIM2_VS_no_output3
VP_TIM6_VS_ClockSourceINT.Mode=Enable_Timer
VP_TIM6_VS_ClockSourceINT.Signal=TIM6_VS_ClockSourceINT
board=custom
